
Microsoft Visual Studio Solution File, Format Version 12.00
# Visual Studio Version 16
VisualStudioVersion = 16.0.32106.194
MinimumVisualStudioVersion = 10.0.40219.1
Project("{FAE04EC0-301F-11D3-BF4B-00C04F79EFBC}") = "MusicLibrary", "MusicLibrary\MusicLibrary.csproj", "{EFDDFDD4-AE85-4DD8-AF84-25C80801601D}"
EndProject
Global
	GlobalSection(SolutionConfigurationPlatforms) = preSolution
		Debug|Any CPU = Debug|Any CPU
		Release|Any CPU = Release|Any CPU
	EndGlobalSection
	GlobalSection(ProjectConfigurationPlatforms) = postSolution
		{EFDDFDD4-AE85-4DD8-AF84-25C80801601D}.Debug|Any CPU.ActiveCfg = Debug|Any CPU
		{EFDDFDD4-AE85-4DD8-AF84-25C80801601D}.Debug|Any CPU.Build.0 = Debug|Any CPU
		{EFDDFDD4-AE85-4DD8-AF84-25C80801601D}.Release|Any CPU.ActiveCfg = Release|Any CPU
		{EFDDFDD4-AE85-4DD8-AF84-25C80801601D}.Release|Any CPU.Build.0 = Release|Any CPU
	EndGlobalSection
	GlobalSection(SolutionProperties) = preSolution
		HideSolutionNode = FALSE
	EndGlobalSection
	GlobalSection(ExtensibilityGlobals) = postSolution
		SolutionGuid = {C25BBC38-234E-4A1A-B60C-EB1ACB9DF60A}
	EndGlobalSection
EndGlobal
